// !$*UTF8*$!
{
	archiveVersion = 1;
	classes = {
	};
	objectVersion = 48;
	objects = {

/* Begin PBXBuildFile section */
		FA2B8AC72040C2E200A97771 /* AppDelegate.swift in Sources */ = {isa = PBXBuildFile; fileRef = FA2B8AC62040C2E200A97771 /* AppDelegate.swift */; };
		FA2B8AC92040C2E200A97771 /* MainTabBarController.swift in Sources */ = {isa = PBXBuildFile; fileRef = FA2B8AC82040C2E200A97771 /* MainTabBarController.swift */; };
		FA2B8ACC2040C2E200A97771 /* Main.storyboard in Resources */ = {isa = PBXBuildFile; fileRef = FA2B8ACA2040C2E200A97771 /* Main.storyboard */; };
		FA2B8ACE2040C2E200A97771 /* Assets.xcassets in Resources */ = {isa = PBXBuildFile; fileRef = FA2B8ACD2040C2E200A97771 /* Assets.xcassets */; };
		FA2B8AD12040C2E200A97771 /* LaunchScreen.storyboard in Resources */ = {isa = PBXBuildFile; fileRef = FA2B8ACF2040C2E200A97771 /* LaunchScreen.storyboard */; };
		FA2B8ADA2040C68700A97771 /* TouristicVenuesController.swift in Sources */ = {isa = PBXBuildFile; fileRef = FA2B8AD92040C68700A97771 /* TouristicVenuesController.swift */; };
		FA2B8ADC2040D02D00A97771 /* NearTouristicVenuesController.swift in Sources */ = {isa = PBXBuildFile; fileRef = FA2B8ADB2040D02D00A97771 /* NearTouristicVenuesController.swift */; };
		FA2B8ADE2040D11F00A97771 /* FavouritesController.swift in Sources */ = {isa = PBXBuildFile; fileRef = FA2B8ADD2040D11F00A97771 /* FavouritesController.swift */; };
		FA2B8AE120416E7200A97771 /* VenuesCell.swift in Sources */ = {isa = PBXBuildFile; fileRef = FA2B8AE020416E7200A97771 /* VenuesCell.swift */; };
		FA2B8AE420416F4100A97771 /* Constants.swift in Sources */ = {isa = PBXBuildFile; fileRef = FA2B8AE320416F4100A97771 /* Constants.swift */; };
		FA2B8B0420418DB700A97771 /* DetailVenuesController.swift in Sources */ = {isa = PBXBuildFile; fileRef = FA2B8B0320418DB700A97771 /* DetailVenuesController.swift */; };
		FA2B8B07204193A900A97771 /* RemachineScript.ttf in Resources */ = {isa = PBXBuildFile; fileRef = FA2B8B06204193A900A97771 /* RemachineScript.ttf */; };
		FA2B8B0A2041B60B00A97771 /* Cell.swift in Sources */ = {isa = PBXBuildFile; fileRef = FA2B8B092041B60B00A97771 /* Cell.swift */; };
		FA2B8B0D2041D57D00A97771 /* NearVenues.swift in Sources */ = {isa = PBXBuildFile; fileRef = FA2B8B0C2041D57D00A97771 /* NearVenues.swift */; };
		FA359BF0204DE8F50028FF59 /* FavouritesCell.swift in Sources */ = {isa = PBXBuildFile; fileRef = FA359BEF204DE8F50028FF59 /* FavouritesCell.swift */; };
		FA359BF2204DEDEB0028FF59 /* CoreDataManager.swift in Sources */ = {isa = PBXBuildFile; fileRef = FA359BF1204DEDEB0028FF59 /* CoreDataManager.swift */; };
		FA38F8A7204ADAB1008D472A /* TouristicVenues.swift in Sources */ = {isa = PBXBuildFile; fileRef = FA38F8A6204ADAB1008D472A /* TouristicVenues.swift */; };
		FA38F8A9204C1A93008D472A /* MapController.swift in Sources */ = {isa = PBXBuildFile; fileRef = FA38F8A8204C1A93008D472A /* MapController.swift */; };
		FAC5D98D204D36CD008EB164 /* UserDefaultsManager.swift in Sources */ = {isa = PBXBuildFile; fileRef = FAC5D98C204D36CD008EB164 /* UserDefaultsManager.swift */; };
		FAC5D98F204D4019008EB164 /* UserDefaultsKey.swift in Sources */ = {isa = PBXBuildFile; fileRef = FAC5D98E204D4019008EB164 /* UserDefaultsKey.swift */; };
		FAC5D995204D596F008EB164 /* FavouriteVenuesModel.xcdatamodeld in Sources */ = {isa = PBXBuildFile; fileRef = FAC5D993204D596F008EB164 /* FavouriteVenuesModel.xcdatamodeld */; };
/* End PBXBuildFile section */

/* Begin PBXFileReference section */
		FA2B8AC32040C2E200A97771 /* IstanbulCityGuide.app */ = {isa = PBXFileReference; explicitFileType = wrapper.application; includeInIndex = 0; path = IstanbulCityGuide.app; sourceTree = BUILT_PRODUCTS_DIR; };
		FA2B8AC62040C2E200A97771 /* AppDelegate.swift */ = {isa = PBXFileReference; lastKnownFileType = sourcecode.swift; path = AppDelegate.swift; sourceTree = "<group>"; };
		FA2B8AC82040C2E200A97771 /* MainTabBarController.swift */ = {isa = PBXFileReference; lastKnownFileType = sourcecode.swift; path = MainTabBarController.swift; sourceTree = "<group>"; };
		FA2B8ACB2040C2E200A97771 /* Base */ = {isa = PBXFileReference; lastKnownFileType = file.storyboard; name = Base; path = Base.lproj/Main.storyboard; sourceTree = "<group>"; };
		FA2B8ACD2040C2E200A97771 /* Assets.xcassets */ = {isa = PBXFileReference; lastKnownFileType = folder.assetcatalog; path = Assets.xcassets; sourceTree = "<group>"; };
		FA2B8AD02040C2E200A97771 /* Base */ = {isa = PBXFileReference; lastKnownFileType = file.storyboard; name = Base; path = Base.lproj/LaunchScreen.storyboard; sourceTree = "<group>"; };
		FA2B8AD22040C2E200A97771 /* Info.plist */ = {isa = PBXFileReference; lastKnownFileType = text.plist.xml; path = Info.plist; sourceTree = "<group>"; };
		FA2B8AD92040C68700A97771 /* TouristicVenuesController.swift */ = {isa = PBXFileReference; lastKnownFileType = sourcecode.swift; path = TouristicVenuesController.swift; sourceTree = "<group>"; };
		FA2B8ADB2040D02D00A97771 /* NearTouristicVenuesController.swift */ = {isa = PBXFileReference; lastKnownFileType = sourcecode.swift; path = NearTouristicVenuesController.swift; sourceTree = "<group>"; };
		FA2B8ADD2040D11F00A97771 /* FavouritesController.swift */ = {isa = PBXFileReference; lastKnownFileType = sourcecode.swift; path = FavouritesController.swift; sourceTree = "<group>"; };
		FA2B8AE020416E7200A97771 /* VenuesCell.swift */ = {isa = PBXFileReference; lastKnownFileType = sourcecode.swift; path = VenuesCell.swift; sourceTree = "<group>"; };
		FA2B8AE320416F4100A97771 /* Constants.swift */ = {isa = PBXFileReference; lastKnownFileType = sourcecode.swift; path = Constants.swift; sourceTree = "<group>"; };
		FA2B8B0320418DB700A97771 /* DetailVenuesController.swift */ = {isa = PBXFileReference; lastKnownFileType = sourcecode.swift; path = DetailVenuesController.swift; sourceTree = "<group>"; };
		FA2B8B06204193A900A97771 /* RemachineScript.ttf */ = {isa = PBXFileReference; lastKnownFileType = file; path = RemachineScript.ttf; sourceTree = "<group>"; };
		FA2B8B092041B60B00A97771 /* Cell.swift */ = {isa = PBXFileReference; lastKnownFileType = sourcecode.swift; path = Cell.swift; sourceTree = "<group>"; };
		FA2B8B0C2041D57D00A97771 /* NearVenues.swift */ = {isa = PBXFileReference; lastKnownFileType = sourcecode.swift; path = NearVenues.swift; sourceTree = "<group>"; };
		FA359BEF204DE8F50028FF59 /* FavouritesCell.swift */ = {isa = PBXFileReference; lastKnownFileType = sourcecode.swift; path = FavouritesCell.swift; sourceTree = "<group>"; };
		FA359BF1204DEDEB0028FF59 /* CoreDataManager.swift */ = {isa = PBXFileReference; lastKnownFileType = sourcecode.swift; path = CoreDataManager.swift; sourceTree = "<group>"; };
		FA38F8A6204ADAB1008D472A /* TouristicVenues.swift */ = {isa = PBXFileReference; lastKnownFileType = sourcecode.swift; path = TouristicVenues.swift; sourceTree = "<group>"; };
		FA38F8A8204C1A93008D472A /* MapController.swift */ = {isa = PBXFileReference; lastKnownFileType = sourcecode.swift; path = MapController.swift; sourceTree = "<group>"; };
		FAC5D98C204D36CD008EB164 /* UserDefaultsManager.swift */ = {isa = PBXFileReference; lastKnownFileType = sourcecode.swift; path = UserDefaultsManager.swift; sourceTree = "<group>"; };
		FAC5D98E204D4019008EB164 /* UserDefaultsKey.swift */ = {isa = PBXFileReference; lastKnownFileType = sourcecode.swift; path = UserDefaultsKey.swift; sourceTree = "<group>"; };
		FAC5D994204D596F008EB164 /* FavouriteVenuesModel.xcdatamodel */ = {isa = PBXFileReference; lastKnownFileType = wrapper.xcdatamodel; path = FavouriteVenuesModel.xcdatamodel; sourceTree = "<group>"; };
/* End PBXFileReference section */

/* Begin PBXFrameworksBuildPhase section */
		FA2B8AC02040C2E100A97771 /* Frameworks */ = {
			isa = PBXFrameworksBuildPhase;
			buildActionMask = 2147483647;
			files = (
			);
			runOnlyForDeploymentPostprocessing = 0;
		};
/* End PBXFrameworksBuildPhase section */

/* Begin PBXGroup section */
		99601BD497C881A62D8CD682 /* Frameworks */ = {
			isa = PBXGroup;
			children = (
			);
			name = Frameworks;
			sourceTree = "<group>";
		};
		FA2B8ABA2040C2E100A97771 = {
			isa = PBXGroup;
			children = (
				FA2B8AC52040C2E200A97771 /* IstanbulCityGuide */,
				FA2B8AC42040C2E200A97771 /* Products */,
				99601BD497C881A62D8CD682 /* Frameworks */,
			);
			sourceTree = "<group>";
		};
		FA2B8AC42040C2E200A97771 /* Products */ = {
			isa = PBXGroup;
			children = (
				FA2B8AC32040C2E200A97771 /* IstanbulCityGuide.app */,
			);
			name = Products;
			sourceTree = "<group>";
		};
		FA2B8AC52040C2E200A97771 /* IstanbulCityGuide */ = {
			isa = PBXGroup;
			children = (
				FA2B8AE220416F2F00A97771 /* Utilities */,
				FA2B8B0B2041D55000A97771 /* Model */,
				FA2B8ADF20416E6000A97771 /* View */,
				FA2B8AD82040C53F00A97771 /* Controller */,
				FA2B8AC62040C2E200A97771 /* AppDelegate.swift */,
				FA2B8ACA2040C2E200A97771 /* Main.storyboard */,
				FA2B8ACD2040C2E200A97771 /* Assets.xcassets */,
				FA2B8ACF2040C2E200A97771 /* LaunchScreen.storyboard */,
				FA2B8AD22040C2E200A97771 /* Info.plist */,
				FAC5D993204D596F008EB164 /* FavouriteVenuesModel.xcdatamodeld */,
			);
			path = IstanbulCityGuide;
			sourceTree = "<group>";
		};
		FA2B8AD82040C53F00A97771 /* Controller */ = {
			isa = PBXGroup;
			children = (
				FA2B8AD92040C68700A97771 /* TouristicVenuesController.swift */,
				FA2B8ADB2040D02D00A97771 /* NearTouristicVenuesController.swift */,
				FA2B8ADD2040D11F00A97771 /* FavouritesController.swift */,
				FA2B8AC82040C2E200A97771 /* MainTabBarController.swift */,
				FA2B8B0320418DB700A97771 /* DetailVenuesController.swift */,
				FA38F8A8204C1A93008D472A /* MapController.swift */,
			);
			path = Controller;
			sourceTree = "<group>";
		};
		FA2B8ADF20416E6000A97771 /* View */ = {
			isa = PBXGroup;
			children = (
				FA2B8AE020416E7200A97771 /* VenuesCell.swift */,
				FA359BEF204DE8F50028FF59 /* FavouritesCell.swift */,
			);
			path = View;
			sourceTree = "<group>";
		};
		FA2B8AE220416F2F00A97771 /* Utilities */ = {
			isa = PBXGroup;
			children = (
				FA2B8B082041B5F800A97771 /* Enum */,
				FA2B8B052041937000A97771 /* Font */,
				FA2B8AE320416F4100A97771 /* Constants.swift */,
				FAC5D98C204D36CD008EB164 /* UserDefaultsManager.swift */,
				FA359BF1204DEDEB0028FF59 /* CoreDataManager.swift */,
			);
			path = Utilities;
			sourceTree = "<group>";
		};
		FA2B8B052041937000A97771 /* Font */ = {
			isa = PBXGroup;
			children = (
				FA2B8B06204193A900A97771 /* RemachineScript.ttf */,
			);
			path = Font;
			sourceTree = "<group>";
		};
		FA2B8B082041B5F800A97771 /* Enum */ = {
			isa = PBXGroup;
			children = (
				FA2B8B092041B60B00A97771 /* Cell.swift */,
				FAC5D98E204D4019008EB164 /* UserDefaultsKey.swift */,
			);
			path = Enum;
			sourceTree = "<group>";
		};
		FA2B8B0B2041D55000A97771 /* Model */ = {
			isa = PBXGroup;
			children = (
				FA2B8B0C2041D57D00A97771 /* NearVenues.swift */,
				FA38F8A6204ADAB1008D472A /* TouristicVenues.swift */,
			);
			path = Model;
			sourceTree = "<group>";
		};
/* End PBXGroup section */

/* Begin PBXNativeTarget section */
		FA2B8AC22040C2E100A97771 /* IstanbulCityGuide */ = {
			isa = PBXNativeTarget;
			buildConfigurationList = FA2B8AD52040C2E200A97771 /* Build configuration list for PBXNativeTarget "IstanbulCityGuide" */;
			buildPhases = (
				FA2B8ABF2040C2E100A97771 /* Sources */,
				FA2B8AC02040C2E100A97771 /* Frameworks */,
				FA2B8AC12040C2E100A97771 /* Resources */,
			);
			buildRules = (
			);
			dependencies = (
			);
			name = IstanbulCityGuide;
			productName = IstanbulCityGuide;
			productReference = FA2B8AC32040C2E200A97771 /* IstanbulCityGuide.app */;
			productType = "com.apple.product-type.application";
		};
/* End PBXNativeTarget section */

/* Begin PBXProject section */
		FA2B8ABB2040C2E100A97771 /* Project object */ = {
			isa = PBXProject;
			attributes = {
				LastSwiftUpdateCheck = 0920;
				LastUpgradeCheck = 0920;
				ORGANIZATIONNAME = "Burak Şentürk";
				TargetAttributes = {
					FA2B8AC22040C2E100A97771 = {
						CreatedOnToolsVersion = 9.2;
						ProvisioningStyle = Automatic;
					};
				};
			};
			buildConfigurationList = FA2B8ABE2040C2E100A97771 /* Build configuration list for PBXProject "IstanbulCityGuide" */;
			compatibilityVersion = "Xcode 8.0";
			developmentRegion = en;
			hasScannedForEncodings = 0;
			knownRegions = (
				en,
				Base,
			);
			mainGroup = FA2B8ABA2040C2E100A97771;
			productRefGroup = FA2B8AC42040C2E200A97771 /* Products */;
			projectDirPath = "";
			projectRoot = "";
			targets = (
				FA2B8AC22040C2E100A97771 /* IstanbulCityGuide */,
			);
		};
/* End PBXProject section */

/* Begin PBXResourcesBuildPhase section */
		FA2B8AC12040C2E100A97771 /* Resources */ = {
			isa = PBXResourcesBuildPhase;
			buildActionMask = 2147483647;
			files = (
				FA2B8B07204193A900A97771 /* RemachineScript.ttf in Resources */,
				FA2B8AD12040C2E200A97771 /* LaunchScreen.storyboard in Resources */,
				FA2B8ACE2040C2E200A97771 /* Assets.xcassets in Resources */,
				FA2B8ACC2040C2E200A97771 /* Main.storyboard in Resources */,
			);
			runOnlyForDeploymentPostprocessing = 0;
		};
/* End PBXResourcesBuildPhase section */

/* Begin PBXSourcesBuildPhase section */
		FA2B8ABF2040C2E100A97771 /* Sources */ = {
			isa = PBXSourcesBuildPhase;
			buildActionMask = 2147483647;
			files = (
				FA2B8ADE2040D11F00A97771 /* FavouritesController.swift in Sources */,
				FA2B8ADC2040D02D00A97771 /* NearTouristicVenuesController.swift in Sources */,
				FAC5D995204D596F008EB164 /* FavouriteVenuesModel.xcdatamodeld in Sources */,
				FA38F8A7204ADAB1008D472A /* TouristicVenues.swift in Sources */,
				FA359BF2204DEDEB0028FF59 /* CoreDataManager.swift in Sources */,
				FAC5D98D204D36CD008EB164 /* UserDefaultsManager.swift in Sources */,
				FA2B8AC92040C2E200A97771 /* MainTabBarController.swift in Sources */,
				FA38F8A9204C1A93008D472A /* MapController.swift in Sources */,
				FA359BF0204DE8F50028FF59 /* FavouritesCell.swift in Sources */,
				FA2B8AC72040C2E200A97771 /* AppDelegate.swift in Sources */,
				FA2B8B0420418DB700A97771 /* DetailVenuesController.swift in Sources */,
				FA2B8B0D2041D57D00A97771 /* NearVenues.swift in Sources */,
				FA2B8B0A2041B60B00A97771 /* Cell.swift in Sources */,
				FAC5D98F204D4019008EB164 /* UserDefaultsKey.swift in Sources */,
				FA2B8AE420416F4100A97771 /* Constants.swift in Sources */,
				FA2B8ADA2040C68700A97771 /* TouristicVenuesController.swift in Sources */,
				FA2B8AE120416E7200A97771 /* VenuesCell.swift in Sources */,
			);
			runOnlyForDeploymentPostprocessing = 0;
		};
/* End PBXSourcesBuildPhase section */

/* Begin PBXVariantGroup section */
		FA2B8ACA2040C2E200A97771 /* Main.storyboard */ = {
			isa = PBXVariantGroup;
			children = (
				FA2B8ACB2040C2E200A97771 /* Base */,
			);
			name = Main.storyboard;
			sourceTree = "<group>";
		};
		FA2B8ACF2040C2E200A97771 /* LaunchScreen.storyboard */ = {
			isa = PBXVariantGroup;
			children = (
				FA2B8AD02040C2E200A97771 /* Base */,
			);
			name = LaunchScreen.storyboard;
			sourceTree = "<group>";
		};
/* End PBXVariantGroup section */

/* Begin XCBuildConfiguration section */
		FA2B8AD32040C2E200A97771 /* Debug */ = {
			isa = XCBuildConfiguration;
			buildSettings = {
				ALWAYS_SEARCH_USER_PATHS = NO;
				CLANG_ANALYZER_NONNULL = YES;
				CLANG_ANALYZER_NUMBER_OBJECT_CONVERSION = YES_AGGRESSIVE;
				CLANG_CXX_LANGUAGE_STANDARD = "gnu++14";
				CLANG_CXX_LIBRARY = "libc++";
				CLANG_ENABLE_MODULES = YES;
				CLANG_ENABLE_OBJC_ARC = YES;
				CLANG_WARN_BLOCK_CAPTURE_AUTORELEASING = YES;
				CLANG_WARN_BOOL_CONVERSION = YES;
				CLANG_WARN_COMMA = YES;
				CLANG_WARN_CONSTANT_CONVERSION = YES;
				CLANG_WARN_DIRECT_OBJC_ISA_USAGE = YES_ERROR;
				CLANG_WARN_DOCUMENTATION_COMMENTS = YES;
				CLANG_WARN_EMPTY_BODY = YES;
				CLANG_WARN_ENUM_CONVERSION = YES;
				CLANG_WARN_INFINITE_RECURSION = YES;
				CLANG_WARN_INT_CONVERSION = YES;
				CLANG_WARN_NON_LITERAL_NULL_CONVERSION = YES;
				CLANG_WARN_OBJC_LITERAL_CONVERSION = YES;
				CLANG_WARN_OBJC_ROOT_CLASS = YES_ERROR;
				CLANG_WARN_RANGE_LOOP_ANALYSIS = YES;
				CLANG_WARN_STRICT_PROTOTYPES = YES;
				CLANG_WARN_SUSPICIOUS_MOVE = YES;
				CLANG_WARN_UNGUARDED_AVAILABILITY = YES_AGGRESSIVE;
				CLANG_WARN_UNREACHABLE_CODE = YES;
				CLANG_WARN__DUPLICATE_METHOD_MATCH = YES;
				CODE_SIGN_IDENTITY = "iPhone Developer";
				COPY_PHASE_STRIP = NO;
				DEBUG_INFORMATION_FORMAT = dwarf;
				ENABLE_STRICT_OBJC_MSGSEND = YES;
				ENABLE_TESTABILITY = YES;
				GCC_C_LANGUAGE_STANDARD = gnu11;
				GCC_DYNAMIC_NO_PIC = NO;
				GCC_NO_COMMON_BLOCKS = YES;
				GCC_OPTIMIZATION_LEVEL = 0;
				GCC_PREPROCESSOR_DEFINITIONS = (
					"DEBUG=1",
					"$(inherited)",
				);
				GCC_WARN_64_TO_32_BIT_CONVERSION = YES;
				GCC_WARN_ABOUT_RETURN_TYPE = YES_ERROR;
				GCC_WARN_UNDECLARED_SELECTOR = YES;
				GCC_WARN_UNINITIALIZED_AUTOS = YES_AGGRESSIVE;
				GCC_WARN_UNUSED_FUNCTION = YES;
				GCC_WARN_UNUSED_VARIABLE = YES;
				IPHONEOS_DEPLOYMENT_TARGET = 11.2;
				MTL_ENABLE_DEBUG_INFO = YES;
				ONLY_ACTIVE_ARCH = YES;
				SDKROOT = iphoneos;
				SWIFT_ACTIVE_COMPILATION_CONDITIONS = DEBUG;
				SWIFT_OPTIMIZATION_LEVEL = "-Onone";
			};
			name = Debug;
		};
		FA2B8AD42040C2E200A97771 /* Release */ = {
			isa = XCBuildConfiguration;
			buildSettings = {
				ALWAYS_SEARCH_USER_PATHS = NO;
				CLANG_ANALYZER_NONNULL = YES;
				CLANG_ANALYZER_NUMBER_OBJECT_CONVERSION = YES_AGGRESSIVE;
				CLANG_CXX_LANGUAGE_STANDARD = "gnu++14";
				CLANG_CXX_LIBRARY = "libc++";
				CLANG_ENABLE_MODULES = YES;
				CLANG_ENABLE_OBJC_ARC = YES;
				CLANG_WARN_BLOCK_CAPTURE_AUTORELEASING = YES;
				CLANG_WARN_BOOL_CONVERSION = YES;
				CLANG_WARN_COMMA = YES;
				CLANG_WARN_CONSTANT_CONVERSION = YES;
				CLANG_WARN_DIRECT_OBJC_ISA_USAGE = YES_ERROR;
				CLANG_WARN_DOCUMENTATION_COMMENTS = YES;
				CLANG_WARN_EMPTY_BODY = YES;
				CLANG_WARN_ENUM_CONVERSION = YES;
				CLANG_WARN_INFINITE_RECURSION = YES;
				CLANG_WARN_INT_CONVERSION = YES;
				CLANG_WARN_NON_LITERAL_NULL_CONVERSION = YES;
				CLANG_WARN_OBJC_LITERAL_CONVERSION = YES;
				CLANG_WARN_OBJC_ROOT_CLASS = YES_ERROR;
				CLANG_WARN_RANGE_LOOP_ANALYSIS = YES;
				CLANG_WARN_STRICT_PROTOTYPES = YES;
				CLANG_WARN_SUSPICIOUS_MOVE = YES;
				CLANG_WARN_UNGUARDED_AVAILABILITY = YES_AGGRESSIVE;
				CLANG_WARN_UNREACHABLE_CODE = YES;
				CLANG_WARN__DUPLICATE_METHOD_MATCH = YES;
				CODE_SIGN_IDENTITY = "iPhone Developer";
				COPY_PHASE_STRIP = NO;
				DEBUG_INFORMATION_FORMAT = "dwarf-with-dsym";
				ENABLE_NS_ASSERTIONS = NO;
				ENABLE_STRICT_OBJC_MSGSEND = YES;
				GCC_C_LANGUAGE_STANDARD = gnu11;
				GCC_NO_COMMON_BLOCKS = YES;
				GCC_WARN_64_TO_32_BIT_CONVERSION = YES;
				GCC_WARN_ABOUT_RETURN_TYPE = YES_ERROR;
				GCC_WARN_UNDECLARED_SELECTOR = YES;
				GCC_WARN_UNINITIALIZED_AUTOS = YES_AGGRESSIVE;
				GCC_WARN_UNUSED_FUNCTION = YES;
				GCC_WARN_UNUSED_VARIABLE = YES;
				IPHONEOS_DEPLOYMENT_TARGET = 11.2;
				MTL_ENABLE_DEBUG_INFO = NO;
				SDKROOT = iphoneos;
				SWIFT_OPTIMIZATION_LEVEL = "-Owholemodule";
				VALIDATE_PRODUCT = YES;
			};
			name = Release;
		};
		FA2B8AD62040C2E200A97771 /* Debug */ = {
			isa = XCBuildConfiguration;
			buildSettings = {
				ASSETCATALOG_COMPILER_APPICON_NAME = AppIcon;
				CODE_SIGN_STYLE = Automatic;
				DEVELOPMENT_TEAM = ADPP457ME6;
				INFOPLIST_FILE = IstanbulCityGuide/Info.plist;
				LD_RUNPATH_SEARCH_PATHS = "$(inherited) @executable_path/Frameworks";
				PRODUCT_BUNDLE_IDENTIFIER = com.Buraksenturk.IstanbulCityGuide;
				PRODUCT_NAME = "$(TARGET_NAME)";
				SWIFT_VERSION = 4.0;
				TARGETED_DEVICE_FAMILY = 1;
			};
			name = Debug;
		};
		FA2B8AD72040C2E200A97771 /* Release */ = {
			isa = XCBuildConfiguration;
			buildSettings = {
				ASSETCATALOG_COMPILER_APPICON_NAME = AppIcon;
				CODE_SIGN_STYLE = Automatic;
				DEVELOPMENT_TEAM = ADPP457ME6;
				INFOPLIST_FILE = IstanbulCityGuide/Info.plist;
				LD_RUNPATH_SEARCH_PATHS = "$(inherited) @executable_path/Frameworks";
				PRODUCT_BUNDLE_IDENTIFIER = com.Buraksenturk.IstanbulCityGuide;
				PRODUCT_NAME = "$(TARGET_NAME)";
				SWIFT_VERSION = 4.0;
				TARGETED_DEVICE_FAMILY = 1;
			};
			name = Release;
		};
/* End XCBuildConfiguration section */

/* Begin XCConfigurationList section */
		FA2B8ABE2040C2E100A97771 /* Build configuration list for PBXProject "IstanbulCityGuide" */ = {
			isa = XCConfigurationList;
			buildConfigurations = (
				FA2B8AD32040C2E200A97771 /* Debug */,
				FA2B8AD42040C2E200A97771 /* Release */,
			);
			defaultConfigurationIsVisible = 0;
			defaultConfigurationName = Release;
		};
		FA2B8AD52040C2E200A97771 /* Build configuration list for PBXNativeTarget "IstanbulCityGuide" */ = {
			isa = XCConfigurationList;
			buildConfigurations = (
				FA2B8AD62040C2E200A97771 /* Debug */,
				FA2B8AD72040C2E200A97771 /* Release */,
			);
			defaultConfigurationIsVisible = 0;
			defaultConfigurationName = Release;
		};
/* End XCConfigurationList section */

/* Begin XCVersionGroup section */
		FAC5D993204D596F008EB164 /* FavouriteVenuesModel.xcdatamodeld */ = {
			isa = XCVersionGroup;
			children = (
				FAC5D994204D596F008EB164 /* FavouriteVenuesModel.xcdatamodel */,
			);
			currentVersion = FAC5D994204D596F008EB164 /* FavouriteVenuesModel.xcdatamodel */;
			path = FavouriteVenuesModel.xcdatamodeld;
			sourceTree = "<group>";
			versionGroupType = wrapper.xcdatamodel;
		};
/* End XCVersionGroup section */
	};
	rootObject = FA2B8ABB2040C2E100A97771 /* Project object */;
}
